{
  "name": "foo",
  "lockfileVersion": 2,
  "requires": true,
  "packages": {
    "": {
      "name": "foo",
      "license": "ISC",
      "dependencies": {
        "@shalvah/bar": "1.2.3",
        "@shalvah/baz": "1.2.3",
        "@shalvah/blerg": "1.2.5"
      }
    },
    "node_modules/@shalvah/asdf": {
      "version": "2.3.4",
      "resolved": "https://registry.npmjs.org/@shalvah/asdf/-/asdf-2.3.4.tgz",
      "integrity": "sha512-pHBtQbOWS+aW+B3AKMT/25pFAum06BAv8OGo4I3nL1ezL/Dqm6z0nZyDqD76t9MkGngJ/HBpH+IyVqD3D6RfqA=="
    },
    "node_modules/@shalvah/bar": {
      "version": "1.2.3",
      "resolved": "https://registry.npmjs.org/@shalvah/bar/-/bar-1.2.3.tgz",
      "integrity": "sha512-W7/II2BH6oxKJD3rqgFnJOiY5o6NraG5kJ0C+wsOHmviMyQdXrW9hEf1n5nzU7wHvTdfyX5oCaj8ZFS1fPa+oA==",
      "dependencies": {
        "@shalvah/asdf": "*",
        "@shalvah/baz": "2.x",
        "@shalvah/blerg": "1.x"
      }
    },
    "node_modules/@shalvah/bar/node_modules/@shalvah/baz": {
      "version": "2.0.2",
      "resolved": "https://registry.npmjs.org/@shalvah/baz/-/baz-2.0.2.tgz",
      "integrity": "sha512-xz7oyoS2Jk1oYPtlHfItIb7gXTNQ8S2v2RVGLqyMXOo24hpL9+Ee5uFIl1o1NcC9wRY2G8fmRlXrJizFRFwxrQ==",
      "dependencies": {
        "@shalvah/quux": "3.x"
      }
    },
    "node_modules/@shalvah/baz": {
      "version": "1.2.3",
      "resolved": "https://registry.npmjs.org/@shalvah/baz/-/baz-1.2.3.tgz",
      "integrity": "sha512-jBgNn8prBb6paVjfMNUbuUhB/b4VSxeU1PYG2+oQqjFghuJio19XVZI2HSROBBbNMpotPbms6RiXYCLqNWmPyw==",
      "dependencies": {
        "@shalvah/quux": "3.x"
      }
    },
    "node_modules/@shalvah/blerg": {
      "version": "1.2.5",
      "resolved": "https://registry.npmjs.org/@shalvah/blerg/-/blerg-1.2.5.tgz",
      "integrity": "sha512-VDbXLm0s1HMQERKNnYozo09hVl57FMrr1wT1AiVkb4pPI2gYIOhaLWwRLIfSWEcIuLl38FvKSvn35Qi8tc2lBw=="
    },
    "node_modules/@shalvah/quux": {
      "version": "3.2.0",
      "resolved": "https://registry.npmjs.org/@shalvah/quux/-/quux-3.2.0.tgz",
      "integrity": "sha512-2OG3ense84Fio+0enUJ+JcKGW4fyE2YokFpZkW85AHGaIJw6fAPHQ8RThueugUxro/xlpHHEDAGYUes++ClrPw==",
      "dependencies": {
        "@shalvah/bar": "*"
      }
    }
  },
  "dependencies": {
    "@shalvah/asdf": {
      "version": "2.3.4",
      "resolved": "https://registry.npmjs.org/@shalvah/asdf/-/asdf-2.3.4.tgz",
      "integrity": "sha512-pHBtQbOWS+aW+B3AKMT/25pFAum06BAv8OGo4I3nL1ezL/Dqm6z0nZyDqD76t9MkGngJ/HBpH+IyVqD3D6RfqA=="
    },
    "@shalvah/bar": {
      "version": "1.2.3",
      "resolved": "https://registry.npmjs.org/@shalvah/bar/-/bar-1.2.3.tgz",
      "integrity": "sha512-W7/II2BH6oxKJD3rqgFnJOiY5o6NraG5kJ0C+wsOHmviMyQdXrW9hEf1n5nzU7wHvTdfyX5oCaj8ZFS1fPa+oA==",
      "requires": {
        "@shalvah/asdf": "*",
        "@shalvah/baz": "2.x",
        "@shalvah/blerg": "1.x"
      },
      "dependencies": {
        "@shalvah/baz": {
          "version": "2.0.2",
          "resolved": "https://registry.npmjs.org/@shalvah/baz/-/baz-2.0.2.tgz",
          "integrity": "sha512-xz7oyoS2Jk1oYPtlHfItIb7gXTNQ8S2v2RVGLqyMXOo24hpL9+Ee5uFIl1o1NcC9wRY2G8fmRlXrJizFRFwxrQ==",
          "requires": {
            "@shalvah/quux": "3.x"
          }
        }
      }
    },
    "@shalvah/baz": {
      "version": "1.2.3",
      "resolved": "https://registry.npmjs.org/@shalvah/baz/-/baz-1.2.3.tgz",
      "integrity": "sha512-jBgNn8prBb6paVjfMNUbuUhB/b4VSxeU1PYG2+oQqjFghuJio19XVZI2HSROBBbNMpotPbms6RiXYCLqNWmPyw==",
      "requires": {
        "@shalvah/quux": "3.x"
      }
    },
    "@shalvah/blerg": {
      "version": "1.2.5",
      "resolved": "https://registry.npmjs.org/@shalvah/blerg/-/blerg-1.2.5.tgz",
      "integrity": "sha512-VDbXLm0s1HMQERKNnYozo09hVl57FMrr1wT1AiVkb4pPI2gYIOhaLWwRLIfSWEcIuLl38FvKSvn35Qi8tc2lBw=="
    },
    "@shalvah/quux": {
      "version": "3.2.0",
      "resolved": "https://registry.npmjs.org/@shalvah/quux/-/quux-3.2.0.tgz",
      "integrity": "sha512-2OG3ense84Fio+0enUJ+JcKGW4fyE2YokFpZkW85AHGaIJw6fAPHQ8RThueugUxro/xlpHHEDAGYUes++ClrPw==",
      "requires": {
        "@shalvah/bar": "*"
      }
    }
  }
}
